
Microsoft Visual Studio Solution File, Format Version 12.00
# Visual Studio Version 17
VisualStudioVersion = 17.0.31903.59
MinimumVisualStudioVersion = 10.0.40219.1
Project("{2150E333-8FDC-42A3-9474-1A3956D46DE8}") = "src", "src", "{827E0CD3-B72D-47B6-A68D-7590B98EB39B}"
EndProject
Project("{FAE04EC0-301F-11D3-BF4B-00C04F79EFBC}") = "CopyStart.Domain", "src\CopyStart.Domain\CopyStart.Domain.csproj", "{94DF3488-00FD-4928-ACB0-48C092C7137F}"
EndProject
Project("{FAE04EC0-301F-11D3-BF4B-00C04F79EFBC}") = "CopyStart.Application", "src\CopyStart.Application\CopyStart.Application.csproj", "{8099A49B-F82A-4507-BA91-953CD7FF2517}"
EndProject
Project("{FAE04EC0-301F-11D3-BF4B-00C04F79EFBC}") = "CopyStart.Infrastructure", "src\CopyStart.Infrastructure\CopyStart.Infrastructure.csproj", "{2C187E1D-FF6E-4D66-BDD5-9F48C7F5C66F}"
EndProject
Project("{FAE04EC0-301F-11D3-BF4B-00C04F79EFBC}") = "CopyStart.Api", "src\CopyStart.Api\CopyStart.Api.csproj", "{52DF242E-F9F4-4517-970E-9FF81AFBF8F5}"
EndProject
Project("{FAE04EC0-301F-11D3-BF4B-00C04F79EFBC}") = "CopyStart.UnitTests", "src\CopyStart.UnitTests\CopyStart.UnitTests.csproj", "{1C327D94-F4F8-4712-AAB7-96F9C6548A5E}"
EndProject
Project("{FAE04EC0-301F-11D3-BF4B-00C04F79EFBC}") = "CopyStart.E2ETests", "src\CopyStart.E2ETests\CopyStart.E2ETests.csproj", "{1EF4F6B6-7C5F-4065-A31B-2605EED291DC}"
EndProject
Global
	GlobalSection(SolutionConfigurationPlatforms) = preSolution
		Debug|Any CPU = Debug|Any CPU
		Debug|x64 = Debug|x64
		Debug|x86 = Debug|x86
		Release|Any CPU = Release|Any CPU
		Release|x64 = Release|x64
		Release|x86 = Release|x86
	EndGlobalSection
	GlobalSection(ProjectConfigurationPlatforms) = postSolution
		{94DF3488-00FD-4928-ACB0-48C092C7137F}.Debug|Any CPU.ActiveCfg = Debug|Any CPU
		{94DF3488-00FD-4928-ACB0-48C092C7137F}.Debug|Any CPU.Build.0 = Debug|Any CPU
		{94DF3488-00FD-4928-ACB0-48C092C7137F}.Debug|x64.ActiveCfg = Debug|Any CPU
		{94DF3488-00FD-4928-ACB0-48C092C7137F}.Debug|x64.Build.0 = Debug|Any CPU
		{94DF3488-00FD-4928-ACB0-48C092C7137F}.Debug|x86.ActiveCfg = Debug|Any CPU
		{94DF3488-00FD-4928-ACB0-48C092C7137F}.Debug|x86.Build.0 = Debug|Any CPU
		{94DF3488-00FD-4928-ACB0-48C092C7137F}.Release|Any CPU.ActiveCfg = Release|Any CPU
		{94DF3488-00FD-4928-ACB0-48C092C7137F}.Release|Any CPU.Build.0 = Release|Any CPU
		{94DF3488-00FD-4928-ACB0-48C092C7137F}.Release|x64.ActiveCfg = Release|Any CPU
		{94DF3488-00FD-4928-ACB0-48C092C7137F}.Release|x64.Build.0 = Release|Any CPU
		{94DF3488-00FD-4928-ACB0-48C092C7137F}.Release|x86.ActiveCfg = Release|Any CPU
		{94DF3488-00FD-4928-ACB0-48C092C7137F}.Release|x86.Build.0 = Release|Any CPU
		{8099A49B-F82A-4507-BA91-953CD7FF2517}.Debug|Any CPU.ActiveCfg = Debug|Any CPU
		{8099A49B-F82A-4507-BA91-953CD7FF2517}.Debug|Any CPU.Build.0 = Debug|Any CPU
		{8099A49B-F82A-4507-BA91-953CD7FF2517}.Debug|x64.ActiveCfg = Debug|Any CPU
		{8099A49B-F82A-4507-BA91-953CD7FF2517}.Debug|x64.Build.0 = Debug|Any CPU
		{8099A49B-F82A-4507-BA91-953CD7FF2517}.Debug|x86.ActiveCfg = Debug|Any CPU
		{8099A49B-F82A-4507-BA91-953CD7FF2517}.Debug|x86.Build.0 = Debug|Any CPU
		{8099A49B-F82A-4507-BA91-953CD7FF2517}.Release|Any CPU.ActiveCfg = Release|Any CPU
		{8099A49B-F82A-4507-BA91-953CD7FF2517}.Release|Any CPU.Build.0 = Release|Any CPU
		{8099A49B-F82A-4507-BA91-953CD7FF2517}.Release|x64.ActiveCfg = Release|Any CPU
		{8099A49B-F82A-4507-BA91-953CD7FF2517}.Release|x64.Build.0 = Release|Any CPU
		{8099A49B-F82A-4507-BA91-953CD7FF2517}.Release|x86.ActiveCfg = Release|Any CPU
		{8099A49B-F82A-4507-BA91-953CD7FF2517}.Release|x86.Build.0 = Release|Any CPU
		{2C187E1D-FF6E-4D66-BDD5-9F48C7F5C66F}.Debug|Any CPU.ActiveCfg = Debug|Any CPU
		{2C187E1D-FF6E-4D66-BDD5-9F48C7F5C66F}.Debug|Any CPU.Build.0 = Debug|Any CPU
		{2C187E1D-FF6E-4D66-BDD5-9F48C7F5C66F}.Debug|x64.ActiveCfg = Debug|Any CPU
		{2C187E1D-FF6E-4D66-BDD5-9F48C7F5C66F}.Debug|x64.Build.0 = Debug|Any CPU
		{2C187E1D-FF6E-4D66-BDD5-9F48C7F5C66F}.Debug|x86.ActiveCfg = Debug|Any CPU
		{2C187E1D-FF6E-4D66-BDD5-9F48C7F5C66F}.Debug|x86.Build.0 = Debug|Any CPU
		{2C187E1D-FF6E-4D66-BDD5-9F48C7F5C66F}.Release|Any CPU.ActiveCfg = Release|Any CPU
		{2C187E1D-FF6E-4D66-BDD5-9F48C7F5C66F}.Release|Any CPU.Build.0 = Release|Any CPU
		{2C187E1D-FF6E-4D66-BDD5-9F48C7F5C66F}.Release|x64.ActiveCfg = Release|Any CPU
		{2C187E1D-FF6E-4D66-BDD5-9F48C7F5C66F}.Release|x64.Build.0 = Release|Any CPU
		{2C187E1D-FF6E-4D66-BDD5-9F48C7F5C66F}.Release|x86.ActiveCfg = Release|Any CPU
		{2C187E1D-FF6E-4D66-BDD5-9F48C7F5C66F}.Release|x86.Build.0 = Release|Any CPU
		{52DF242E-F9F4-4517-970E-9FF81AFBF8F5}.Debug|Any CPU.ActiveCfg = Debug|Any CPU
		{52DF242E-F9F4-4517-970E-9FF81AFBF8F5}.Debug|Any CPU.Build.0 = Debug|Any CPU
		{52DF242E-F9F4-4517-970E-9FF81AFBF8F5}.Debug|x64.ActiveCfg = Debug|Any CPU
		{52DF242E-F9F4-4517-970E-9FF81AFBF8F5}.Debug|x64.Build.0 = Debug|Any CPU
		{52DF242E-F9F4-4517-970E-9FF81AFBF8F5}.Debug|x86.ActiveCfg = Debug|Any CPU
		{52DF242E-F9F4-4517-970E-9FF81AFBF8F5}.Debug|x86.Build.0 = Debug|Any CPU
		{52DF242E-F9F4-4517-970E-9FF81AFBF8F5}.Release|Any CPU.ActiveCfg = Release|Any CPU
		{52DF242E-F9F4-4517-970E-9FF81AFBF8F5}.Release|Any CPU.Build.0 = Release|Any CPU
		{52DF242E-F9F4-4517-970E-9FF81AFBF8F5}.Release|x64.ActiveCfg = Release|Any CPU
		{52DF242E-F9F4-4517-970E-9FF81AFBF8F5}.Release|x64.Build.0 = Release|Any CPU
		{52DF242E-F9F4-4517-970E-9FF81AFBF8F5}.Release|x86.ActiveCfg = Release|Any CPU
		{52DF242E-F9F4-4517-970E-9FF81AFBF8F5}.Release|x86.Build.0 = Release|Any CPU
		{1C327D94-F4F8-4712-AAB7-96F9C6548A5E}.Debug|Any CPU.ActiveCfg = Debug|Any CPU
		{1C327D94-F4F8-4712-AAB7-96F9C6548A5E}.Debug|Any CPU.Build.0 = Debug|Any CPU
		{1C327D94-F4F8-4712-AAB7-96F9C6548A5E}.Debug|x64.ActiveCfg = Debug|Any CPU
		{1C327D94-F4F8-4712-AAB7-96F9C6548A5E}.Debug|x64.Build.0 = Debug|Any CPU
		{1C327D94-F4F8-4712-AAB7-96F9C6548A5E}.Debug|x86.ActiveCfg = Debug|Any CPU
		{1C327D94-F4F8-4712-AAB7-96F9C6548A5E}.Debug|x86.Build.0 = Debug|Any CPU
		{1C327D94-F4F8-4712-AAB7-96F9C6548A5E}.Release|Any CPU.ActiveCfg = Release|Any CPU
		{1C327D94-F4F8-4712-AAB7-96F9C6548A5E}.Release|Any CPU.Build.0 = Release|Any CPU
		{1C327D94-F4F8-4712-AAB7-96F9C6548A5E}.Release|x64.ActiveCfg = Release|Any CPU
		{1C327D94-F4F8-4712-AAB7-96F9C6548A5E}.Release|x64.Build.0 = Release|Any CPU
		{1C327D94-F4F8-4712-AAB7-96F9C6548A5E}.Release|x86.ActiveCfg = Release|Any CPU
		{1C327D94-F4F8-4712-AAB7-96F9C6548A5E}.Release|x86.Build.0 = Release|Any CPU
		{1EF4F6B6-7C5F-4065-A31B-2605EED291DC}.Debug|Any CPU.ActiveCfg = Debug|Any CPU
		{1EF4F6B6-7C5F-4065-A31B-2605EED291DC}.Debug|Any CPU.Build.0 = Debug|Any CPU
		{1EF4F6B6-7C5F-4065-A31B-2605EED291DC}.Debug|x64.ActiveCfg = Debug|Any CPU
		{1EF4F6B6-7C5F-4065-A31B-2605EED291DC}.Debug|x64.Build.0 = Debug|Any CPU
		{1EF4F6B6-7C5F-4065-A31B-2605EED291DC}.Debug|x86.ActiveCfg = Debug|Any CPU
		{1EF4F6B6-7C5F-4065-A31B-2605EED291DC}.Debug|x86.Build.0 = Debug|Any CPU
		{1EF4F6B6-7C5F-4065-A31B-2605EED291DC}.Release|Any CPU.ActiveCfg = Release|Any CPU
		{1EF4F6B6-7C5F-4065-A31B-2605EED291DC}.Release|Any CPU.Build.0 = Release|Any CPU
		{1EF4F6B6-7C5F-4065-A31B-2605EED291DC}.Release|x64.ActiveCfg = Release|Any CPU
		{1EF4F6B6-7C5F-4065-A31B-2605EED291DC}.Release|x64.Build.0 = Release|Any CPU
		{1EF4F6B6-7C5F-4065-A31B-2605EED291DC}.Release|x86.ActiveCfg = Release|Any CPU
		{1EF4F6B6-7C5F-4065-A31B-2605EED291DC}.Release|x86.Build.0 = Release|Any CPU
	EndGlobalSection
	GlobalSection(SolutionProperties) = preSolution
		HideSolutionNode = FALSE
	EndGlobalSection
	GlobalSection(NestedProjects) = preSolution
		{94DF3488-00FD-4928-ACB0-48C092C7137F} = {827E0CD3-B72D-47B6-A68D-7590B98EB39B}
		{8099A49B-F82A-4507-BA91-953CD7FF2517} = {827E0CD3-B72D-47B6-A68D-7590B98EB39B}
		{2C187E1D-FF6E-4D66-BDD5-9F48C7F5C66F} = {827E0CD3-B72D-47B6-A68D-7590B98EB39B}
		{52DF242E-F9F4-4517-970E-9FF81AFBF8F5} = {827E0CD3-B72D-47B6-A68D-7590B98EB39B}
		{1C327D94-F4F8-4712-AAB7-96F9C6548A5E} = {827E0CD3-B72D-47B6-A68D-7590B98EB39B}
		{1EF4F6B6-7C5F-4065-A31B-2605EED291DC} = {827E0CD3-B72D-47B6-A68D-7590B98EB39B}
	EndGlobalSection
EndGlobal
